
Microsoft Visual Studio Solution File, Format Version 12.00
# Visual Studio Version 17
VisualStudioVersion = 17.5.002.0
MinimumVisualStudioVersion = 10.0.40219.1
Project("{9A19103F-16F7-4668-BE54-9A1E7A4F7556}") = "mssql-books", "mssql-books.csproj", "{AA15AADA-9371-4D27-8FA1-736FB85BE080}"
EndProject
Global
	GlobalSection(SolutionConfigurationPlatforms) = preSolution
		Debug|Any CPU = Debug|Any CPU
		Release|Any CPU = Release|Any CPU
	EndGlobalSection
	GlobalSection(ProjectConfigurationPlatforms) = postSolution
		{AA15AADA-9371-4D27-8FA1-736FB85BE080}.Debug|Any CPU.ActiveCfg = Debug|Any CPU
		{AA15AADA-9371-4D27-8FA1-736FB85BE080}.Debug|Any CPU.Build.0 = Debug|Any CPU
		{AA15AADA-9371-4D27-8FA1-736FB85BE080}.Release|Any CPU.ActiveCfg = Release|Any CPU
		{AA15AADA-9371-4D27-8FA1-736FB85BE080}.Release|Any CPU.Build.0 = Release|Any CPU
	EndGlobalSection
	GlobalSection(SolutionProperties) = preSolution
		HideSolutionNode = FALSE
	EndGlobalSection
	GlobalSection(ExtensibilityGlobals) = postSolution
		SolutionGuid = {0F8BC399-ADE3-4251-B435-9A739BD03D4C}
	EndGlobalSection
EndGlobal
